
Microsoft Visual Studio Solution File, Format Version 12.00
# Visual Studio 15
VisualStudioVersion = 15.0.28010.2050
MinimumVisualStudioVersion = 10.0.40219.1
Project("{FAE04EC0-301F-11D3-BF4B-00C04F79EFBC}") = "hackerrank", "hackerrank.com\hackerrank.csproj", "{A2F68DD2-B1F8-4D6B-A8AC-990357002EAD}"
EndProject
Project("{FAE04EC0-301F-11D3-BF4B-00C04F79EFBC}") = "XUnitTestProject1", "XUnitTestProject1\XUnitTestProject1.csproj", "{F3213E61-87A1-4457-8358-35E7FD335020}"
EndProject
Global
	GlobalSection(SolutionConfigurationPlatforms) = preSolution
		Debug|Any CPU = Debug|Any CPU
		Release|Any CPU = Release|Any CPU
	EndGlobalSection
	GlobalSection(ProjectConfigurationPlatforms) = postSolution
		{A2F68DD2-B1F8-4D6B-A8AC-990357002EAD}.Debug|Any CPU.ActiveCfg = Debug|Any CPU
		{A2F68DD2-B1F8-4D6B-A8AC-990357002EAD}.Debug|Any CPU.Build.0 = Debug|Any CPU
		{A2F68DD2-B1F8-4D6B-A8AC-990357002EAD}.Release|Any CPU.ActiveCfg = Release|Any CPU
		{A2F68DD2-B1F8-4D6B-A8AC-990357002EAD}.Release|Any CPU.Build.0 = Release|Any CPU
		{F3213E61-87A1-4457-8358-35E7FD335020}.Debug|Any CPU.ActiveCfg = Debug|Any CPU
		{F3213E61-87A1-4457-8358-35E7FD335020}.Debug|Any CPU.Build.0 = Debug|Any CPU
		{F3213E61-87A1-4457-8358-35E7FD335020}.Release|Any CPU.ActiveCfg = Release|Any CPU
		{F3213E61-87A1-4457-8358-35E7FD335020}.Release|Any CPU.Build.0 = Release|Any CPU
	EndGlobalSection
	GlobalSection(SolutionProperties) = preSolution
		HideSolutionNode = FALSE
	EndGlobalSection
	GlobalSection(ExtensibilityGlobals) = postSolution
		SolutionGuid = {9889CE1F-631C-41EF-A4CE-048DD8FBCA8D}
	EndGlobalSection
EndGlobal
